
Microsoft Visual Studio Solution File, Format Version 12.00
# Visual Studio Version 17
VisualStudioVersion = 17.0.31903.59
MinimumVisualStudioVersion = 10.0.40219.1
Project("{FAE04EC0-301F-11D3-BF4B-00C04F79EFBC}") = "Senior.Services", "Senior.Services\Senior.Services.csproj", "{4F7375FC-DAFC-47F3-9009-54FDFD8F6F63}"
EndProject
Project("{FAE04EC0-301F-11D3-BF4B-00C04F79EFBC}") = "Senior.Infrastructure", "Senior.Infrastructure\Senior.Infrastructure.csproj", "{6592B405-B894-41ED-93B1-540C0F87734A}"
EndProject
Project("{FAE04EC0-301F-11D3-BF4B-00C04F79EFBC}") = "Senior.PaymentMicroservice", "Senior.PaymentMicroservice\Senior.PaymentMicroservice.csproj", "{A8DD306B-11DD-473A-8055-3744BE2CF3B1}"
EndProject
Global
	GlobalSection(SolutionConfigurationPlatforms) = preSolution
		Debug|Any CPU = Debug|Any CPU
		Release|Any CPU = Release|Any CPU
	EndGlobalSection
	GlobalSection(SolutionProperties) = preSolution
		HideSolutionNode = FALSE
	EndGlobalSection
	GlobalSection(ProjectConfigurationPlatforms) = postSolution
		{4F7375FC-DAFC-47F3-9009-54FDFD8F6F63}.Debug|Any CPU.ActiveCfg = Debug|Any CPU
		{4F7375FC-DAFC-47F3-9009-54FDFD8F6F63}.Debug|Any CPU.Build.0 = Debug|Any CPU
		{4F7375FC-DAFC-47F3-9009-54FDFD8F6F63}.Release|Any CPU.ActiveCfg = Release|Any CPU
		{4F7375FC-DAFC-47F3-9009-54FDFD8F6F63}.Release|Any CPU.Build.0 = Release|Any CPU
		{6592B405-B894-41ED-93B1-540C0F87734A}.Debug|Any CPU.ActiveCfg = Debug|Any CPU
		{6592B405-B894-41ED-93B1-540C0F87734A}.Debug|Any CPU.Build.0 = Debug|Any CPU
		{6592B405-B894-41ED-93B1-540C0F87734A}.Release|Any CPU.ActiveCfg = Release|Any CPU
		{6592B405-B894-41ED-93B1-540C0F87734A}.Release|Any CPU.Build.0 = Release|Any CPU
		{A8DD306B-11DD-473A-8055-3744BE2CF3B1}.Debug|Any CPU.ActiveCfg = Debug|Any CPU
		{A8DD306B-11DD-473A-8055-3744BE2CF3B1}.Debug|Any CPU.Build.0 = Debug|Any CPU
		{A8DD306B-11DD-473A-8055-3744BE2CF3B1}.Release|Any CPU.ActiveCfg = Release|Any CPU
		{A8DD306B-11DD-473A-8055-3744BE2CF3B1}.Release|Any CPU.Build.0 = Release|Any CPU
	EndGlobalSection
EndGlobal
